// !$*UTF8*$!
{
	archiveVersion = 1;
	classes = {
	};
	objectVersion = 46;
	objects = {

/* Begin PBXBuildFile section */
		075EAF876002356C4141C2AD /* Pods_Weather.framework in Frameworks */ = {isa = PBXBuildFile; fileRef = 5A3B5DC943B6D607E0550B48 /* Pods_Weather.framework */; };
		0DC831D41DEF320B0021E559 /* Hour.swift in Sources */ = {isa = PBXBuildFile; fileRef = 0DC831D31DEF320B0021E559 /* Hour.swift */; };
		0DC831D61DEF342D0021E559 /* Air.swift in Sources */ = {isa = PBXBuildFile; fileRef = 0DC831D51DEF342D0021E559 /* Air.swift */; };
		0DC831D81DEF35590021E559 /* Now.swift in Sources */ = {isa = PBXBuildFile; fileRef = 0DC831D71DEF35590021E559 /* Now.swift */; };
		0DC831DA1DEF367A0021E559 /* Daily.swift in Sources */ = {isa = PBXBuildFile; fileRef = 0DC831D91DEF367A0021E559 /* Daily.swift */; };
		0DC831DC1DEF38CD0021E559 /* Life.swift in Sources */ = {isa = PBXBuildFile; fileRef = 0DC831DB1DEF38CD0021E559 /* Life.swift */; };
		51042EFC1DEEA87100933522 /* WeatherCity.xcdatamodeld in Sources */ = {isa = PBXBuildFile; fileRef = 51042EFA1DEEA87100933522 /* WeatherCity.xcdatamodeld */; };
		51042EFF1DEEAA6E00933522 /* CityCD+CoreDataClass.swift in Sources */ = {isa = PBXBuildFile; fileRef = 51042EFD1DEEAA6E00933522 /* CityCD+CoreDataClass.swift */; };
		51042F001DEEAA6E00933522 /* CityCD+CoreDataProperties.swift in Sources */ = {isa = PBXBuildFile; fileRef = 51042EFE1DEEAA6E00933522 /* CityCD+CoreDataProperties.swift */; };
		511B309F1DEDA00D00C28FB0 /* ExtradeHeader.swift in Sources */ = {isa = PBXBuildFile; fileRef = 511B309E1DEDA00D00C28FB0 /* ExtradeHeader.swift */; };
		51BD75341DEFFF53007E149A /* AddCityViewController.swift in Sources */ = {isa = PBXBuildFile; fileRef = 51BD75331DEFFF53007E149A /* AddCityViewController.swift */; };
		51E774A11DE9C7E800CB1E9C /* AppDelegate.swift in Sources */ = {isa = PBXBuildFile; fileRef = 51E774A01DE9C7E800CB1E9C /* AppDelegate.swift */; };
		51E774A61DE9C7E800CB1E9C /* Main.storyboard in Resources */ = {isa = PBXBuildFile; fileRef = 51E774A41DE9C7E800CB1E9C /* Main.storyboard */; };
		51E774AB1DE9C7E900CB1E9C /* Assets.xcassets in Resources */ = {isa = PBXBuildFile; fileRef = 51E774AA1DE9C7E800CB1E9C /* Assets.xcassets */; };
		51E774AE1DE9C7E900CB1E9C /* LaunchScreen.storyboard in Resources */ = {isa = PBXBuildFile; fileRef = 51E774AC1DE9C7E900CB1E9C /* LaunchScreen.storyboard */; };
		51E774BC1DE9C96500CB1E9C /* CityListTableViewCell.swift in Sources */ = {isa = PBXBuildFile; fileRef = 51E774B61DE9C96500CB1E9C /* CityListTableViewCell.swift */; };
		51E774C51DE9D4D800CB1E9C /* City.swift in Sources */ = {isa = PBXBuildFile; fileRef = 51E774C41DE9D4D800CB1E9C /* City.swift */; };
		51E774C71DE9D89300CB1E9C /* CityListTableViewController.swift in Sources */ = {isa = PBXBuildFile; fileRef = 51E774C61DE9D89300CB1E9C /* CityListTableViewController.swift */; };
		51E774C91DEAE1C000CB1E9C /* MainTableViewController.swift in Sources */ = {isa = PBXBuildFile; fileRef = 51E774C81DEAE1C000CB1E9C /* MainTableViewController.swift */; };
/* End PBXBuildFile section */

/* Begin PBXFileReference section */
		0DC831D31DEF320B0021E559 /* Hour.swift */ = {isa = PBXFileReference; fileEncoding = 4; lastKnownFileType = sourcecode.swift; path = Hour.swift; sourceTree = "<group>"; };
		0DC831D51DEF342D0021E559 /* Air.swift */ = {isa = PBXFileReference; fileEncoding = 4; lastKnownFileType = sourcecode.swift; path = Air.swift; sourceTree = "<group>"; };
		0DC831D71DEF35590021E559 /* Now.swift */ = {isa = PBXFileReference; fileEncoding = 4; lastKnownFileType = sourcecode.swift; path = Now.swift; sourceTree = "<group>"; };
		0DC831D91DEF367A0021E559 /* Daily.swift */ = {isa = PBXFileReference; fileEncoding = 4; lastKnownFileType = sourcecode.swift; path = Daily.swift; sourceTree = "<group>"; };
		0DC831DB1DEF38CD0021E559 /* Life.swift */ = {isa = PBXFileReference; fileEncoding = 4; lastKnownFileType = sourcecode.swift; path = Life.swift; sourceTree = "<group>"; };
		51042EFB1DEEA87100933522 /* WeatherCity.xcdatamodel */ = {isa = PBXFileReference; lastKnownFileType = wrapper.xcdatamodel; path = WeatherCity.xcdatamodel; sourceTree = "<group>"; };
		51042EFD1DEEAA6E00933522 /* CityCD+CoreDataClass.swift */ = {isa = PBXFileReference; fileEncoding = 4; lastKnownFileType = sourcecode.swift; path = "CityCD+CoreDataClass.swift"; sourceTree = "<group>"; };
		51042EFE1DEEAA6E00933522 /* CityCD+CoreDataProperties.swift */ = {isa = PBXFileReference; fileEncoding = 4; lastKnownFileType = sourcecode.swift; path = "CityCD+CoreDataProperties.swift"; sourceTree = "<group>"; };
		511B309E1DEDA00D00C28FB0 /* ExtradeHeader.swift */ = {isa = PBXFileReference; fileEncoding = 4; lastKnownFileType = sourcecode.swift; path = ExtradeHeader.swift; sourceTree = "<group>"; };
		51BD75331DEFFF53007E149A /* AddCityViewController.swift */ = {isa = PBXFileReference; fileEncoding = 4; lastKnownFileType = sourcecode.swift; path = AddCityViewController.swift; sourceTree = "<group>"; };
		51E7749D1DE9C7E800CB1E9C /* Weather.app */ = {isa = PBXFileReference; explicitFileType = wrapper.application; includeInIndex = 0; path = Weather.app; sourceTree = BUILT_PRODUCTS_DIR; };
		51E774A01DE9C7E800CB1E9C /* AppDelegate.swift */ = {isa = PBXFileReference; lastKnownFileType = sourcecode.swift; path = AppDelegate.swift; sourceTree = "<group>"; };
		51E774A51DE9C7E800CB1E9C /* Base */ = {isa = PBXFileReference; lastKnownFileType = file.storyboard; name = Base; path = Base.lproj/Main.storyboard; sourceTree = "<group>"; };
		51E774AA1DE9C7E800CB1E9C /* Assets.xcassets */ = {isa = PBXFileReference; lastKnownFileType = folder.assetcatalog; path = Assets.xcassets; sourceTree = "<group>"; };
		51E774AD1DE9C7E900CB1E9C /* Base */ = {isa = PBXFileReference; lastKnownFileType = file.storyboard; name = Base; path = Base.lproj/LaunchScreen.storyboard; sourceTree = "<group>"; };
		51E774AF1DE9C7E900CB1E9C /* Info.plist */ = {isa = PBXFileReference; lastKnownFileType = text.plist.xml; path = Info.plist; sourceTree = "<group>"; };
		51E774B61DE9C96500CB1E9C /* CityListTableViewCell.swift */ = {isa = PBXFileReference; fileEncoding = 4; lastKnownFileType = sourcecode.swift; path = CityListTableViewCell.swift; sourceTree = "<group>"; };
		51E774C41DE9D4D800CB1E9C /* City.swift */ = {isa = PBXFileReference; fileEncoding = 4; lastKnownFileType = sourcecode.swift; path = City.swift; sourceTree = "<group>"; };
		51E774C61DE9D89300CB1E9C /* CityListTableViewController.swift */ = {isa = PBXFileReference; fileEncoding = 4; lastKnownFileType = sourcecode.swift; path = CityListTableViewController.swift; sourceTree = "<group>"; };
		51E774C81DEAE1C000CB1E9C /* MainTableViewController.swift */ = {isa = PBXFileReference; fileEncoding = 4; lastKnownFileType = sourcecode.swift; path = MainTableViewController.swift; sourceTree = "<group>"; };
		56E95AE7D525EDDD1E5A753D /* Pods-Weather.debug.xcconfig */ = {isa = PBXFileReference; includeInIndex = 1; lastKnownFileType = text.xcconfig; name = "Pods-Weather.debug.xcconfig"; path = "Pods/Target Support Files/Pods-Weather/Pods-Weather.debug.xcconfig"; sourceTree = "<group>"; };
		5A3B5DC943B6D607E0550B48 /* Pods_Weather.framework */ = {isa = PBXFileReference; explicitFileType = wrapper.framework; includeInIndex = 0; path = Pods_Weather.framework; sourceTree = BUILT_PRODUCTS_DIR; };
		791C0C4348BD6BBB259E7580 /* Pods-Weather.release.xcconfig */ = {isa = PBXFileReference; includeInIndex = 1; lastKnownFileType = text.xcconfig; name = "Pods-Weather.release.xcconfig"; path = "Pods/Target Support Files/Pods-Weather/Pods-Weather.release.xcconfig"; sourceTree = "<group>"; };
/* End PBXFileReference section */

/* Begin PBXFrameworksBuildPhase section */
		51E7749A1DE9C7E800CB1E9C /* Frameworks */ = {
			isa = PBXFrameworksBuildPhase;
			buildActionMask = 2147483647;
			files = (
				075EAF876002356C4141C2AD /* Pods_Weather.framework in Frameworks */,
			);
			runOnlyForDeploymentPostprocessing = 0;
		};
/* End PBXFrameworksBuildPhase section */

/* Begin PBXGroup section */
		25ED74472D82E8DB0920D66B /* Frameworks */ = {
			isa = PBXGroup;
			children = (
				5A3B5DC943B6D607E0550B48 /* Pods_Weather.framework */,
			);
			name = Frameworks;
			sourceTree = "<group>";
		};
		51BD75311DEFFEFF007E149A /* ViewController */ = {
			isa = PBXGroup;
			children = (
				51E774C61DE9D89300CB1E9C /* CityListTableViewController.swift */,
				51BD75331DEFFF53007E149A /* AddCityViewController.swift */,
				51E774C81DEAE1C000CB1E9C /* MainTableViewController.swift */,
			);
			name = ViewController;
			sourceTree = "<group>";
		};
		51BD75321DEFFF1B007E149A /* Model */ = {
			isa = PBXGroup;
			children = (
				0DC831D51DEF342D0021E559 /* Air.swift */,
				0DC831D91DEF367A0021E559 /* Daily.swift */,
				0DC831DB1DEF38CD0021E559 /* Life.swift */,
				0DC831D71DEF35590021E559 /* Now.swift */,
				0DC831D31DEF320B0021E559 /* Hour.swift */,
				51E774C41DE9D4D800CB1E9C /* City.swift */,
			);
			name = Model;
			sourceTree = "<group>";
		};
		51E774941DE9C7E800CB1E9C = {
			isa = PBXGroup;
			children = (
				51042EFD1DEEAA6E00933522 /* CityCD+CoreDataClass.swift */,
				51042EFE1DEEAA6E00933522 /* CityCD+CoreDataProperties.swift */,
				51E7749F1DE9C7E800CB1E9C /* Weather */,
				51E7749E1DE9C7E800CB1E9C /* Products */,
				7045387CC1B97A8226A5E6C2 /* Pods */,
				25ED74472D82E8DB0920D66B /* Frameworks */,
			);
			sourceTree = "<group>";
		};
		51E7749E1DE9C7E800CB1E9C /* Products */ = {
			isa = PBXGroup;
			children = (
				51E7749D1DE9C7E800CB1E9C /* Weather.app */,
			);
			name = Products;
			sourceTree = "<group>";
		};
		51E7749F1DE9C7E800CB1E9C /* Weather */ = {
			isa = PBXGroup;
			children = (
				51BD75321DEFFF1B007E149A /* Model */,
				51BD75311DEFFEFF007E149A /* ViewController */,
				51E774A01DE9C7E800CB1E9C /* AppDelegate.swift */,
				51E774B61DE9C96500CB1E9C /* CityListTableViewCell.swift */,
				511B309E1DEDA00D00C28FB0 /* ExtradeHeader.swift */,
				51E774A41DE9C7E800CB1E9C /* Main.storyboard */,
				51E774AA1DE9C7E800CB1E9C /* Assets.xcassets */,
				51E774AC1DE9C7E900CB1E9C /* LaunchScreen.storyboard */,
				51E774AF1DE9C7E900CB1E9C /* Info.plist */,
				51042EFA1DEEA87100933522 /* WeatherCity.xcdatamodeld */,
			);
			path = Weather;
			sourceTree = "<group>";
		};
		7045387CC1B97A8226A5E6C2 /* Pods */ = {
			isa = PBXGroup;
			children = (
				56E95AE7D525EDDD1E5A753D /* Pods-Weather.debug.xcconfig */,
				791C0C4348BD6BBB259E7580 /* Pods-Weather.release.xcconfig */,
			);
			name = Pods;
			sourceTree = "<group>";
		};
/* End PBXGroup section */

/* Begin PBXNativeTarget section */
		51E7749C1DE9C7E800CB1E9C /* Weather */ = {
			isa = PBXNativeTarget;
			buildConfigurationList = 51E774B21DE9C7E900CB1E9C /* Build configuration list for PBXNativeTarget "Weather" */;
			buildPhases = (
				83909404F47217551843EE59 /* [CP] Check Pods Manifest.lock */,
				51E774991DE9C7E800CB1E9C /* Sources */,
				51E7749A1DE9C7E800CB1E9C /* Frameworks */,
				51E7749B1DE9C7E800CB1E9C /* Resources */,
				6110F89F751608CFB4832E33 /* [CP] Embed Pods Frameworks */,
				1C9F9B37D5918F89E43FE277 /* [CP] Copy Pods Resources */,
			);
			buildRules = (
			);
			dependencies = (
			);
			name = Weather;
			productName = Weather;
			productReference = 51E7749D1DE9C7E800CB1E9C /* Weather.app */;
			productType = "com.apple.product-type.application";
		};
/* End PBXNativeTarget section */

/* Begin PBXProject section */
		51E774951DE9C7E800CB1E9C /* Project object */ = {
			isa = PBXProject;
			attributes = {
				LastSwiftUpdateCheck = 0820;
				LastUpgradeCheck = 0820;
				ORGANIZATIONNAME = ts;
				TargetAttributes = {
					51E7749C1DE9C7E800CB1E9C = {
						CreatedOnToolsVersion = 8.2;
						DevelopmentTeam = Q4P996Q583;
						ProvisioningStyle = Automatic;
					};
				};
			};
			buildConfigurationList = 51E774981DE9C7E800CB1E9C /* Build configuration list for PBXProject "Weather" */;
			compatibilityVersion = "Xcode 3.2";
			developmentRegion = English;
			hasScannedForEncodings = 0;
			knownRegions = (
				en,
				Base,
			);
			mainGroup = 51E774941DE9C7E800CB1E9C;
			productRefGroup = 51E7749E1DE9C7E800CB1E9C /* Products */;
			projectDirPath = "";
			projectRoot = "";
			targets = (
				51E7749C1DE9C7E800CB1E9C /* Weather */,
			);
		};
/* End PBXProject section */

/* Begin PBXResourcesBuildPhase section */
		51E7749B1DE9C7E800CB1E9C /* Resources */ = {
			isa = PBXResourcesBuildPhase;
			buildActionMask = 2147483647;
			files = (
				51E774AE1DE9C7E900CB1E9C /* LaunchScreen.storyboard in Resources */,
				51E774AB1DE9C7E900CB1E9C /* Assets.xcassets in Resources */,
				51E774A61DE9C7E800CB1E9C /* Main.storyboard in Resources */,
			);
			runOnlyForDeploymentPostprocessing = 0;
		};
/* End PBXResourcesBuildPhase section */

/* Begin PBXShellScriptBuildPhase section */
		1C9F9B37D5918F89E43FE277 /* [CP] Copy Pods Resources */ = {
			isa = PBXShellScriptBuildPhase;
			buildActionMask = 2147483647;
			files = (
			);
			inputPaths = (
			);
			name = "[CP] Copy Pods Resources";
			outputPaths = (
			);
			runOnlyForDeploymentPostprocessing = 0;
			shellPath = /bin/sh;
			shellScript = "\"${SRCROOT}/Pods/Target Support Files/Pods-Weather/Pods-Weather-resources.sh\"\n";
			showEnvVarsInLog = 0;
		};
		6110F89F751608CFB4832E33 /* [CP] Embed Pods Frameworks */ = {
			isa = PBXShellScriptBuildPhase;
			buildActionMask = 2147483647;
			files = (
			);
			inputPaths = (
			);
			name = "[CP] Embed Pods Frameworks";
			outputPaths = (
			);
			runOnlyForDeploymentPostprocessing = 0;
			shellPath = /bin/sh;
			shellScript = "\"${SRCROOT}/Pods/Target Support Files/Pods-Weather/Pods-Weather-frameworks.sh\"\n";
			showEnvVarsInLog = 0;
		};
		83909404F47217551843EE59 /* [CP] Check Pods Manifest.lock */ = {
			isa = PBXShellScriptBuildPhase;
			buildActionMask = 2147483647;
			files = (
			);
			inputPaths = (
			);
			name = "[CP] Check Pods Manifest.lock";
			outputPaths = (
			);
			runOnlyForDeploymentPostprocessing = 0;
			shellPath = /bin/sh;
			shellScript = "diff \"${PODS_ROOT}/../Podfile.lock\" \"${PODS_ROOT}/Manifest.lock\" > /dev/null\nif [ $? != 0 ] ; then\n    # print error to STDERR\n    echo \"error: The sandbox is not in sync with the Podfile.lock. Run 'pod install' or update your CocoaPods installation.\" >&2\n    exit 1\nfi\n";
			showEnvVarsInLog = 0;
		};
/* End PBXShellScriptBuildPhase section */

/* Begin PBXSourcesBuildPhase section */
		51E774991DE9C7E800CB1E9C /* Sources */ = {
			isa = PBXSourcesBuildPhase;
			buildActionMask = 2147483647;
			files = (
				0DC831D81DEF35590021E559 /* Now.swift in Sources */,
				51E774A11DE9C7E800CB1E9C /* AppDelegate.swift in Sources */,
				51E774C51DE9D4D800CB1E9C /* City.swift in Sources */,
				51E774BC1DE9C96500CB1E9C /* CityListTableViewCell.swift in Sources */,
				0DC831DC1DEF38CD0021E559 /* Life.swift in Sources */,
				51042F001DEEAA6E00933522 /* CityCD+CoreDataProperties.swift in Sources */,
				51BD75341DEFFF53007E149A /* AddCityViewController.swift in Sources */,
				51042EFC1DEEA87100933522 /* WeatherCity.xcdatamodeld in Sources */,
				51E774C71DE9D89300CB1E9C /* CityListTableViewController.swift in Sources */,
				0DC831D61DEF342D0021E559 /* Air.swift in Sources */,
				51042EFF1DEEAA6E00933522 /* CityCD+CoreDataClass.swift in Sources */,
				51E774C91DEAE1C000CB1E9C /* MainTableViewController.swift in Sources */,
				0DC831DA1DEF367A0021E559 /* Daily.swift in Sources */,
				0DC831D41DEF320B0021E559 /* Hour.swift in Sources */,
				511B309F1DEDA00D00C28FB0 /* ExtradeHeader.swift in Sources */,
			);
			runOnlyForDeploymentPostprocessing = 0;
		};
/* End PBXSourcesBuildPhase section */

/* Begin PBXVariantGroup section */
		51E774A41DE9C7E800CB1E9C /* Main.storyboard */ = {
			isa = PBXVariantGroup;
			children = (
				51E774A51DE9C7E800CB1E9C /* Base */,
			);
			name = Main.storyboard;
			sourceTree = "<group>";
		};
		51E774AC1DE9C7E900CB1E9C /* LaunchScreen.storyboard */ = {
			isa = PBXVariantGroup;
			children = (
				51E774AD1DE9C7E900CB1E9C /* Base */,
			);
			name = LaunchScreen.storyboard;
			sourceTree = "<group>";
		};
/* End PBXVariantGroup section */

/* Begin XCBuildConfiguration section */
		51E774B01DE9C7E900CB1E9C /* Debug */ = {
			isa = XCBuildConfiguration;
			buildSettings = {
				ALWAYS_SEARCH_USER_PATHS = NO;
				CLANG_ANALYZER_NONNULL = YES;
				CLANG_CXX_LANGUAGE_STANDARD = "gnu++0x";
				CLANG_CXX_LIBRARY = "libc++";
				CLANG_ENABLE_MODULES = YES;
				CLANG_ENABLE_OBJC_ARC = YES;
				CLANG_WARN_BOOL_CONVERSION = YES;
				CLANG_WARN_CONSTANT_CONVERSION = YES;
				CLANG_WARN_DIRECT_OBJC_ISA_USAGE = YES_ERROR;
				CLANG_WARN_DOCUMENTATION_COMMENTS = YES;
				CLANG_WARN_EMPTY_BODY = YES;
				CLANG_WARN_ENUM_CONVERSION = YES;
				CLANG_WARN_INFINITE_RECURSION = YES;
				CLANG_WARN_INT_CONVERSION = YES;
				CLANG_WARN_OBJC_ROOT_CLASS = YES_ERROR;
				CLANG_WARN_SUSPICIOUS_MOVE = YES;
				CLANG_WARN_UNREACHABLE_CODE = YES;
				CLANG_WARN__DUPLICATE_METHOD_MATCH = YES;
				"CODE_SIGN_IDENTITY[sdk=iphoneos*]" = "iPhone Developer";
				COPY_PHASE_STRIP = NO;
				DEBUG_INFORMATION_FORMAT = dwarf;
				ENABLE_STRICT_OBJC_MSGSEND = YES;
				ENABLE_TESTABILITY = YES;
				GCC_C_LANGUAGE_STANDARD = gnu99;
				GCC_DYNAMIC_NO_PIC = NO;
				GCC_NO_COMMON_BLOCKS = YES;
				GCC_OPTIMIZATION_LEVEL = 0;
				GCC_PREPROCESSOR_DEFINITIONS = (
					"DEBUG=1",
					"$(inherited)",
				);
				GCC_WARN_64_TO_32_BIT_CONVERSION = YES;
				GCC_WARN_ABOUT_RETURN_TYPE = YES_ERROR;
				GCC_WARN_UNDECLARED_SELECTOR = YES;
				GCC_WARN_UNINITIALIZED_AUTOS = YES_AGGRESSIVE;
				GCC_WARN_UNUSED_FUNCTION = YES;
				GCC_WARN_UNUSED_VARIABLE = YES;
				IPHONEOS_DEPLOYMENT_TARGET = 10.2;
				MTL_ENABLE_DEBUG_INFO = YES;
				ONLY_ACTIVE_ARCH = YES;
				SDKROOT = iphoneos;
				SWIFT_ACTIVE_COMPILATION_CONDITIONS = DEBUG;
				SWIFT_OPTIMIZATION_LEVEL = "-Onone";
			};
			name = Debug;
		};
		51E774B11DE9C7E900CB1E9C /* Release */ = {
			isa = XCBuildConfiguration;
			buildSettings = {
				ALWAYS_SEARCH_USER_PATHS = NO;
				CLANG_ANALYZER_NONNULL = YES;
				CLANG_CXX_LANGUAGE_STANDARD = "gnu++0x";
				CLANG_CXX_LIBRARY = "libc++";
				CLANG_ENABLE_MODULES = YES;
				CLANG_ENABLE_OBJC_ARC = YES;
				CLANG_WARN_BOOL_CONVERSION = YES;
				CLANG_WARN_CONSTANT_CONVERSION = YES;
				CLANG_WARN_DIRECT_OBJC_ISA_USAGE = YES_ERROR;
				CLANG_WARN_DOCUMENTATION_COMMENTS = YES;
				CLANG_WARN_EMPTY_BODY = YES;
				CLANG_WARN_ENUM_CONVERSION = YES;
				CLANG_WARN_INFINITE_RECURSION = YES;
				CLANG_WARN_INT_CONVERSION = YES;
				CLANG_WARN_OBJC_ROOT_CLASS = YES_ERROR;
				CLANG_WARN_SUSPICIOUS_MOVE = YES;
				CLANG_WARN_UNREACHABLE_CODE = YES;
				CLANG_WARN__DUPLICATE_METHOD_MATCH = YES;
				"CODE_SIGN_IDENTITY[sdk=iphoneos*]" = "iPhone Developer";
				COPY_PHASE_STRIP = NO;
				DEBUG_INFORMATION_FORMAT = "dwarf-with-dsym";
				ENABLE_NS_ASSERTIONS = NO;
				ENABLE_STRICT_OBJC_MSGSEND = YES;
				GCC_C_LANGUAGE_STANDARD = gnu99;
				GCC_NO_COMMON_BLOCKS = YES;
				GCC_WARN_64_TO_32_BIT_CONVERSION = YES;
				GCC_WARN_ABOUT_RETURN_TYPE = YES_ERROR;
				GCC_WARN_UNDECLARED_SELECTOR = YES;
				GCC_WARN_UNINITIALIZED_AUTOS = YES_AGGRESSIVE;
				GCC_WARN_UNUSED_FUNCTION = YES;
				GCC_WARN_UNUSED_VARIABLE = YES;
				IPHONEOS_DEPLOYMENT_TARGET = 10.2;
				MTL_ENABLE_DEBUG_INFO = NO;
				SDKROOT = iphoneos;
				SWIFT_OPTIMIZATION_LEVEL = "-Owholemodule";
				VALIDATE_PRODUCT = YES;
			};
			name = Release;
		};
		51E774B31DE9C7E900CB1E9C /* Debug */ = {
			isa = XCBuildConfiguration;
			baseConfigurationReference = 56E95AE7D525EDDD1E5A753D /* Pods-Weather.debug.xcconfig */;
			buildSettings = {
				ASSETCATALOG_COMPILER_APPICON_NAME = AppIcon;
				DEVELOPMENT_TEAM = Q4P996Q583;
				INFOPLIST_FILE = Weather/Info.plist;
				IPHONEOS_DEPLOYMENT_TARGET = 10.1;
				LD_RUNPATH_SEARCH_PATHS = "$(inherited) @executable_path/Frameworks";
				PRODUCT_BUNDLE_IDENTIFIER = com.ts.homework.Weather;
				PRODUCT_NAME = "$(TARGET_NAME)";
				SWIFT_VERSION = 3.0;
			};
			name = Debug;
		};
		51E774B41DE9C7E900CB1E9C /* Release */ = {
			isa = XCBuildConfiguration;
			baseConfigurationReference = 791C0C4348BD6BBB259E7580 /* Pods-Weather.release.xcconfig */;
			buildSettings = {
				ASSETCATALOG_COMPILER_APPICON_NAME = AppIcon;
				DEVELOPMENT_TEAM = Q4P996Q583;
				INFOPLIST_FILE = Weather/Info.plist;
				IPHONEOS_DEPLOYMENT_TARGET = 10.1;
				LD_RUNPATH_SEARCH_PATHS = "$(inherited) @executable_path/Frameworks";
				PRODUCT_BUNDLE_IDENTIFIER = com.ts.homework.Weather;
				PRODUCT_NAME = "$(TARGET_NAME)";
				SWIFT_VERSION = 3.0;
			};
			name = Release;
		};
/* End XCBuildConfiguration section */

/* Begin XCConfigurationList section */
		51E774981DE9C7E800CB1E9C /* Build configuration list for PBXProject "Weather" */ = {
			isa = XCConfigurationList;
			buildConfigurations = (
				51E774B01DE9C7E900CB1E9C /* Debug */,
				51E774B11DE9C7E900CB1E9C /* Release */,
			);
			defaultConfigurationIsVisible = 0;
			defaultConfigurationName = Release;
		};
		51E774B21DE9C7E900CB1E9C /* Build configuration list for PBXNativeTarget "Weather" */ = {
			isa = XCConfigurationList;
			buildConfigurations = (
				51E774B31DE9C7E900CB1E9C /* Debug */,
				51E774B41DE9C7E900CB1E9C /* Release */,
			);
			defaultConfigurationIsVisible = 0;
			defaultConfigurationName = Release;
		};
/* End XCConfigurationList section */

/* Begin XCVersionGroup section */
		51042EFA1DEEA87100933522 /* WeatherCity.xcdatamodeld */ = {
			isa = XCVersionGroup;
			children = (
				51042EFB1DEEA87100933522 /* WeatherCity.xcdatamodel */,
			);
			currentVersion = 51042EFB1DEEA87100933522 /* WeatherCity.xcdatamodel */;
			path = WeatherCity.xcdatamodeld;
			sourceTree = "<group>";
			versionGroupType = wrapper.xcdatamodel;
		};
/* End XCVersionGroup section */
	};
	rootObject = 51E774951DE9C7E800CB1E9C /* Project object */;
}
